
Microsoft Visual Studio Solution File, Format Version 12.00
# Visual Studio Version 17
VisualStudioVersion = 17.8.34408.163
MinimumVisualStudioVersion = 10.0.40219.1
Project("{FAE04EC0-301F-11D3-BF4B-00C04F79EFBC}") = "VoiceX", "VoiceX\VoiceX.csproj", "{BBEE3202-3850-4908-9A90-6E9937E4AA05}"
EndProject
Project("{C7167F0D-BC9F-4E6E-AFE1-012C56B48DB5}") = "Package", "Package\Package.wapproj", "{9D7D815E-1609-492E-90A2-306D20489258}"
EndProject
Project("{FAE04EC0-301F-11D3-BF4B-00C04F79EFBC}") = "SystrayComponent", "SystrayComponent\SystrayComponent.csproj", "{A0007A4F-8B03-4EFF-8C98-7A73C55DD397}"
EndProject
Project("{FAE04EC0-301F-11D3-BF4B-00C04F79EFBC}") = "PdfScribeCore", "PdfScribeCore\PdfScribeCore.csproj", "{1EAD8E9A-A123-4C37-B31E-AEE1354DF003}"
EndProject
Project("{FAE04EC0-301F-11D3-BF4B-00C04F79EFBC}") = "VoiceXBackground", "VoiceXBackground\VoiceXBackground.csproj", "{35FE0746-BB53-47D7-95F2-385B3EFBA238}"
EndProject
Project("{FAE04EC0-301F-11D3-BF4B-00C04F79EFBC}") = "ContextButtonExcel", "ContextButtonExcel\ContextButtonExcel.csproj", "{D59391F8-DBA6-4967-BCB3-559A88D761B9}"
EndProject
Project("{FAE04EC0-301F-11D3-BF4B-00C04F79EFBC}") = "ContextButtonWord", "ContextButtonWord\ContextButtonWord.csproj", "{C6249764-3BC3-42C6-9DE7-A8FD8ACD2014}"
EndProject
Global
	GlobalSection(SolutionConfigurationPlatforms) = preSolution
		Debug|Any CPU = Debug|Any CPU
		Debug|ARM = Debug|ARM
		Debug|ARM64 = Debug|ARM64
		Debug|x64 = Debug|x64
		Debug|x86 = Debug|x86
		Release|Any CPU = Release|Any CPU
		Release|ARM = Release|ARM
		Release|ARM64 = Release|ARM64
		Release|x64 = Release|x64
		Release|x86 = Release|x86
		SAFEBIT|Any CPU = SAFEBIT|Any CPU
		SAFEBIT|ARM = SAFEBIT|ARM
		SAFEBIT|ARM64 = SAFEBIT|ARM64
		SAFEBIT|x64 = SAFEBIT|x64
		SAFEBIT|x86 = SAFEBIT|x86
		VoiceX|Any CPU = VoiceX|Any CPU
		VoiceX|ARM = VoiceX|ARM
		VoiceX|ARM64 = VoiceX|ARM64
		VoiceX|x64 = VoiceX|x64
		VoiceX|x86 = VoiceX|x86
		Windows 10|Any CPU = Windows 10|Any CPU
		Windows 10|ARM = Windows 10|ARM
		Windows 10|ARM64 = Windows 10|ARM64
		Windows 10|x64 = Windows 10|x64
		Windows 10|x86 = Windows 10|x86
		XCLOUD|Any CPU = XCLOUD|Any CPU
		XCLOUD|ARM = XCLOUD|ARM
		XCLOUD|ARM64 = XCLOUD|ARM64
		XCLOUD|x64 = XCLOUD|x64
		XCLOUD|x86 = XCLOUD|x86
	EndGlobalSection
	GlobalSection(ProjectConfigurationPlatforms) = postSolution
		{BBEE3202-3850-4908-9A90-6E9937E4AA05}.Debug|Any CPU.ActiveCfg = Debug|x86
		{BBEE3202-3850-4908-9A90-6E9937E4AA05}.Debug|Any CPU.Build.0 = Debug|x86
		{BBEE3202-3850-4908-9A90-6E9937E4AA05}.Debug|ARM.ActiveCfg = Debug|x86
		{BBEE3202-3850-4908-9A90-6E9937E4AA05}.Debug|ARM.Build.0 = Debug|x86
		{BBEE3202-3850-4908-9A90-6E9937E4AA05}.Debug|ARM64.ActiveCfg = Debug|ARM64
		{BBEE3202-3850-4908-9A90-6E9937E4AA05}.Debug|ARM64.Build.0 = Debug|ARM64
		{BBEE3202-3850-4908-9A90-6E9937E4AA05}.Debug|ARM64.Deploy.0 = Debug|ARM64
		{BBEE3202-3850-4908-9A90-6E9937E4AA05}.Debug|x64.ActiveCfg = Debug|x64
		{BBEE3202-3850-4908-9A90-6E9937E4AA05}.Debug|x64.Build.0 = Debug|x64
		{BBEE3202-3850-4908-9A90-6E9937E4AA05}.Debug|x86.ActiveCfg = Debug|x86
		{BBEE3202-3850-4908-9A90-6E9937E4AA05}.Debug|x86.Build.0 = Debug|x86
		{BBEE3202-3850-4908-9A90-6E9937E4AA05}.Release|Any CPU.ActiveCfg = Release|x86
		{BBEE3202-3850-4908-9A90-6E9937E4AA05}.Release|Any CPU.Build.0 = Release|x86
		{BBEE3202-3850-4908-9A90-6E9937E4AA05}.Release|Any CPU.Deploy.0 = Release|x86
		{BBEE3202-3850-4908-9A90-6E9937E4AA05}.Release|ARM.ActiveCfg = Release|ARM
		{BBEE3202-3850-4908-9A90-6E9937E4AA05}.Release|ARM64.ActiveCfg = Release|ARM64
		{BBEE3202-3850-4908-9A90-6E9937E4AA05}.Release|x64.ActiveCfg = Release|x64
		{BBEE3202-3850-4908-9A90-6E9937E4AA05}.Release|x64.Build.0 = Release|x64
		{BBEE3202-3850-4908-9A90-6E9937E4AA05}.Release|x86.ActiveCfg = Release|x86
		{BBEE3202-3850-4908-9A90-6E9937E4AA05}.Release|x86.Build.0 = Release|x86
		{BBEE3202-3850-4908-9A90-6E9937E4AA05}.SAFEBIT|Any CPU.ActiveCfg = Release|Any CPU
		{BBEE3202-3850-4908-9A90-6E9937E4AA05}.SAFEBIT|Any CPU.Build.0 = Release|Any CPU
		{BBEE3202-3850-4908-9A90-6E9937E4AA05}.SAFEBIT|ARM.ActiveCfg = Release|ARM
		{BBEE3202-3850-4908-9A90-6E9937E4AA05}.SAFEBIT|ARM.Build.0 = Release|ARM
		{BBEE3202-3850-4908-9A90-6E9937E4AA05}.SAFEBIT|ARM.Deploy.0 = Release|ARM
		{BBEE3202-3850-4908-9A90-6E9937E4AA05}.SAFEBIT|ARM64.ActiveCfg = Release|ARM64
		{BBEE3202-3850-4908-9A90-6E9937E4AA05}.SAFEBIT|ARM64.Build.0 = Release|ARM64
		{BBEE3202-3850-4908-9A90-6E9937E4AA05}.SAFEBIT|ARM64.Deploy.0 = Release|ARM64
		{BBEE3202-3850-4908-9A90-6E9937E4AA05}.SAFEBIT|x64.ActiveCfg = Release|x64
		{BBEE3202-3850-4908-9A90-6E9937E4AA05}.SAFEBIT|x64.Build.0 = Release|x64
		{BBEE3202-3850-4908-9A90-6E9937E4AA05}.SAFEBIT|x64.Deploy.0 = Release|x64
		{BBEE3202-3850-4908-9A90-6E9937E4AA05}.SAFEBIT|x86.ActiveCfg = Release|x86
		{BBEE3202-3850-4908-9A90-6E9937E4AA05}.SAFEBIT|x86.Build.0 = Release|x86
		{BBEE3202-3850-4908-9A90-6E9937E4AA05}.SAFEBIT|x86.Deploy.0 = Release|x86
		{BBEE3202-3850-4908-9A90-6E9937E4AA05}.VoiceX|Any CPU.ActiveCfg = VoiceX|x86
		{BBEE3202-3850-4908-9A90-6E9937E4AA05}.VoiceX|Any CPU.Build.0 = VoiceX|x86
		{BBEE3202-3850-4908-9A90-6E9937E4AA05}.VoiceX|ARM.ActiveCfg = VoiceX|ARM
		{BBEE3202-3850-4908-9A90-6E9937E4AA05}.VoiceX|ARM.Build.0 = VoiceX|ARM
		{BBEE3202-3850-4908-9A90-6E9937E4AA05}.VoiceX|ARM.Deploy.0 = VoiceX|ARM
		{BBEE3202-3850-4908-9A90-6E9937E4AA05}.VoiceX|ARM64.ActiveCfg = VoiceX|ARM64
		{BBEE3202-3850-4908-9A90-6E9937E4AA05}.VoiceX|ARM64.Build.0 = VoiceX|ARM64
		{BBEE3202-3850-4908-9A90-6E9937E4AA05}.VoiceX|ARM64.Deploy.0 = VoiceX|ARM64
		{BBEE3202-3850-4908-9A90-6E9937E4AA05}.VoiceX|x64.ActiveCfg = VoiceX|x64
		{BBEE3202-3850-4908-9A90-6E9937E4AA05}.VoiceX|x64.Build.0 = VoiceX|x64
		{BBEE3202-3850-4908-9A90-6E9937E4AA05}.VoiceX|x86.ActiveCfg = VoiceX|Win32
		{BBEE3202-3850-4908-9A90-6E9937E4AA05}.VoiceX|x86.Build.0 = VoiceX|Win32
		{BBEE3202-3850-4908-9A90-6E9937E4AA05}.VoiceX|x86.Deploy.0 = VoiceX|Win32
		{BBEE3202-3850-4908-9A90-6E9937E4AA05}.Windows 10|Any CPU.ActiveCfg = Release|x86
		{BBEE3202-3850-4908-9A90-6E9937E4AA05}.Windows 10|Any CPU.Build.0 = Release|x86
		{BBEE3202-3850-4908-9A90-6E9937E4AA05}.Windows 10|ARM.ActiveCfg = Release|ARM
		{BBEE3202-3850-4908-9A90-6E9937E4AA05}.Windows 10|ARM.Build.0 = Release|ARM
		{BBEE3202-3850-4908-9A90-6E9937E4AA05}.Windows 10|ARM.Deploy.0 = Release|ARM
		{BBEE3202-3850-4908-9A90-6E9937E4AA05}.Windows 10|ARM64.ActiveCfg = Release|ARM64
		{BBEE3202-3850-4908-9A90-6E9937E4AA05}.Windows 10|ARM64.Build.0 = Release|ARM64
		{BBEE3202-3850-4908-9A90-6E9937E4AA05}.Windows 10|ARM64.Deploy.0 = Release|ARM64
		{BBEE3202-3850-4908-9A90-6E9937E4AA05}.Windows 10|x64.ActiveCfg = Release|x64
		{BBEE3202-3850-4908-9A90-6E9937E4AA05}.Windows 10|x64.Build.0 = Release|x64
		{BBEE3202-3850-4908-9A90-6E9937E4AA05}.Windows 10|x64.Deploy.0 = Release|x64
		{BBEE3202-3850-4908-9A90-6E9937E4AA05}.Windows 10|x86.ActiveCfg = Release|x86
		{BBEE3202-3850-4908-9A90-6E9937E4AA05}.Windows 10|x86.Build.0 = Release|x86
		{BBEE3202-3850-4908-9A90-6E9937E4AA05}.Windows 10|x86.Deploy.0 = Release|x86
		{BBEE3202-3850-4908-9A90-6E9937E4AA05}.XCLOUD|Any CPU.ActiveCfg = Release|Any CPU
		{BBEE3202-3850-4908-9A90-6E9937E4AA05}.XCLOUD|Any CPU.Build.0 = Release|Any CPU
		{BBEE3202-3850-4908-9A90-6E9937E4AA05}.XCLOUD|ARM.ActiveCfg = Release|ARM
		{BBEE3202-3850-4908-9A90-6E9937E4AA05}.XCLOUD|ARM.Build.0 = Release|ARM
		{BBEE3202-3850-4908-9A90-6E9937E4AA05}.XCLOUD|ARM.Deploy.0 = Release|ARM
		{BBEE3202-3850-4908-9A90-6E9937E4AA05}.XCLOUD|ARM64.ActiveCfg = Release|ARM64
		{BBEE3202-3850-4908-9A90-6E9937E4AA05}.XCLOUD|ARM64.Build.0 = Release|ARM64
		{BBEE3202-3850-4908-9A90-6E9937E4AA05}.XCLOUD|ARM64.Deploy.0 = Release|ARM64
		{BBEE3202-3850-4908-9A90-6E9937E4AA05}.XCLOUD|x64.ActiveCfg = Release|x64
		{BBEE3202-3850-4908-9A90-6E9937E4AA05}.XCLOUD|x64.Build.0 = Release|x64
		{BBEE3202-3850-4908-9A90-6E9937E4AA05}.XCLOUD|x64.Deploy.0 = Release|x64
		{BBEE3202-3850-4908-9A90-6E9937E4AA05}.XCLOUD|x86.ActiveCfg = Release|x86
		{BBEE3202-3850-4908-9A90-6E9937E4AA05}.XCLOUD|x86.Build.0 = Release|x86
		{BBEE3202-3850-4908-9A90-6E9937E4AA05}.XCLOUD|x86.Deploy.0 = Release|x86
		{9D7D815E-1609-492E-90A2-306D20489258}.Debug|Any CPU.ActiveCfg = Debug|x86
		{9D7D815E-1609-492E-90A2-306D20489258}.Debug|Any CPU.Build.0 = Debug|x86
		{9D7D815E-1609-492E-90A2-306D20489258}.Debug|Any CPU.Deploy.0 = Debug|x86
		{9D7D815E-1609-492E-90A2-306D20489258}.Debug|ARM.ActiveCfg = Debug|x86
		{9D7D815E-1609-492E-90A2-306D20489258}.Debug|ARM.Build.0 = Debug|x86
		{9D7D815E-1609-492E-90A2-306D20489258}.Debug|ARM.Deploy.0 = Debug|x86
		{9D7D815E-1609-492E-90A2-306D20489258}.Debug|ARM64.ActiveCfg = Debug|ARM64
		{9D7D815E-1609-492E-90A2-306D20489258}.Debug|ARM64.Build.0 = Debug|ARM64
		{9D7D815E-1609-492E-90A2-306D20489258}.Debug|ARM64.Deploy.0 = Debug|ARM64
		{9D7D815E-1609-492E-90A2-306D20489258}.Debug|x64.ActiveCfg = Debug|x64
		{9D7D815E-1609-492E-90A2-306D20489258}.Debug|x64.Build.0 = Debug|x64
		{9D7D815E-1609-492E-90A2-306D20489258}.Debug|x64.Deploy.0 = Debug|x64
		{9D7D815E-1609-492E-90A2-306D20489258}.Debug|x86.ActiveCfg = Debug|x86
		{9D7D815E-1609-492E-90A2-306D20489258}.Debug|x86.Build.0 = Debug|x86
		{9D7D815E-1609-492E-90A2-306D20489258}.Debug|x86.Deploy.0 = Debug|x86
		{9D7D815E-1609-492E-90A2-306D20489258}.Release|Any CPU.ActiveCfg = Release|Any CPU
		{9D7D815E-1609-492E-90A2-306D20489258}.Release|Any CPU.Build.0 = Release|Any CPU
		{9D7D815E-1609-492E-90A2-306D20489258}.Release|Any CPU.Deploy.0 = Release|Any CPU
		{9D7D815E-1609-492E-90A2-306D20489258}.Release|ARM.ActiveCfg = Release|ARM
		{9D7D815E-1609-492E-90A2-306D20489258}.Release|ARM64.ActiveCfg = Release|ARM64
		{9D7D815E-1609-492E-90A2-306D20489258}.Release|x64.ActiveCfg = Release|x64
		{9D7D815E-1609-492E-90A2-306D20489258}.Release|x64.Build.0 = Release|x64
		{9D7D815E-1609-492E-90A2-306D20489258}.Release|x64.Deploy.0 = Release|x64
		{9D7D815E-1609-492E-90A2-306D20489258}.Release|x86.ActiveCfg = Release|x86
		{9D7D815E-1609-492E-90A2-306D20489258}.Release|x86.Build.0 = Release|x86
		{9D7D815E-1609-492E-90A2-306D20489258}.Release|x86.Deploy.0 = Release|x86
		{9D7D815E-1609-492E-90A2-306D20489258}.SAFEBIT|Any CPU.ActiveCfg = Release|Any CPU
		{9D7D815E-1609-492E-90A2-306D20489258}.SAFEBIT|Any CPU.Build.0 = Release|Any CPU
		{9D7D815E-1609-492E-90A2-306D20489258}.SAFEBIT|Any CPU.Deploy.0 = Release|Any CPU
		{9D7D815E-1609-492E-90A2-306D20489258}.SAFEBIT|ARM.ActiveCfg = Release|ARM
		{9D7D815E-1609-492E-90A2-306D20489258}.SAFEBIT|ARM.Build.0 = Release|ARM
		{9D7D815E-1609-492E-90A2-306D20489258}.SAFEBIT|ARM.Deploy.0 = Release|ARM
		{9D7D815E-1609-492E-90A2-306D20489258}.SAFEBIT|ARM64.ActiveCfg = Release|ARM64
		{9D7D815E-1609-492E-90A2-306D20489258}.SAFEBIT|ARM64.Build.0 = Release|ARM64
		{9D7D815E-1609-492E-90A2-306D20489258}.SAFEBIT|ARM64.Deploy.0 = Release|ARM64
		{9D7D815E-1609-492E-90A2-306D20489258}.SAFEBIT|x64.ActiveCfg = Release|x64
		{9D7D815E-1609-492E-90A2-306D20489258}.SAFEBIT|x64.Build.0 = Release|x64
		{9D7D815E-1609-492E-90A2-306D20489258}.SAFEBIT|x64.Deploy.0 = Release|x64
		{9D7D815E-1609-492E-90A2-306D20489258}.SAFEBIT|x86.ActiveCfg = Release|x86
		{9D7D815E-1609-492E-90A2-306D20489258}.SAFEBIT|x86.Build.0 = Release|x86
		{9D7D815E-1609-492E-90A2-306D20489258}.SAFEBIT|x86.Deploy.0 = Release|x86
		{9D7D815E-1609-492E-90A2-306D20489258}.VoiceX|Any CPU.ActiveCfg = VoiceX|Any CPU
		{9D7D815E-1609-492E-90A2-306D20489258}.VoiceX|Any CPU.Build.0 = VoiceX|Any CPU
		{9D7D815E-1609-492E-90A2-306D20489258}.VoiceX|Any CPU.Deploy.0 = VoiceX|Any CPU
		{9D7D815E-1609-492E-90A2-306D20489258}.VoiceX|ARM.ActiveCfg = VoiceX|ARM
		{9D7D815E-1609-492E-90A2-306D20489258}.VoiceX|ARM.Build.0 = VoiceX|ARM
		{9D7D815E-1609-492E-90A2-306D20489258}.VoiceX|ARM.Deploy.0 = VoiceX|ARM
		{9D7D815E-1609-492E-90A2-306D20489258}.VoiceX|ARM64.ActiveCfg = VoiceX|ARM64
		{9D7D815E-1609-492E-90A2-306D20489258}.VoiceX|ARM64.Build.0 = VoiceX|ARM64
		{9D7D815E-1609-492E-90A2-306D20489258}.VoiceX|ARM64.Deploy.0 = VoiceX|ARM64
		{9D7D815E-1609-492E-90A2-306D20489258}.VoiceX|x64.ActiveCfg = VoiceX|x64
		{9D7D815E-1609-492E-90A2-306D20489258}.VoiceX|x64.Build.0 = VoiceX|x64
		{9D7D815E-1609-492E-90A2-306D20489258}.VoiceX|x64.Deploy.0 = VoiceX|x64
		{9D7D815E-1609-492E-90A2-306D20489258}.VoiceX|x86.ActiveCfg = VoiceX|x86
		{9D7D815E-1609-492E-90A2-306D20489258}.VoiceX|x86.Build.0 = VoiceX|x86
		{9D7D815E-1609-492E-90A2-306D20489258}.VoiceX|x86.Deploy.0 = VoiceX|x86
		{9D7D815E-1609-492E-90A2-306D20489258}.Windows 10|Any CPU.ActiveCfg = Debug|Any CPU
		{9D7D815E-1609-492E-90A2-306D20489258}.Windows 10|Any CPU.Build.0 = Debug|Any CPU
		{9D7D815E-1609-492E-90A2-306D20489258}.Windows 10|Any CPU.Deploy.0 = Debug|Any CPU
		{9D7D815E-1609-492E-90A2-306D20489258}.Windows 10|ARM.ActiveCfg = Release|ARM
		{9D7D815E-1609-492E-90A2-306D20489258}.Windows 10|ARM.Build.0 = Release|ARM
		{9D7D815E-1609-492E-90A2-306D20489258}.Windows 10|ARM.Deploy.0 = Release|ARM
		{9D7D815E-1609-492E-90A2-306D20489258}.Windows 10|ARM64.ActiveCfg = Release|ARM64
		{9D7D815E-1609-492E-90A2-306D20489258}.Windows 10|ARM64.Build.0 = Release|ARM64
		{9D7D815E-1609-492E-90A2-306D20489258}.Windows 10|ARM64.Deploy.0 = Release|ARM64
		{9D7D815E-1609-492E-90A2-306D20489258}.Windows 10|x64.ActiveCfg = Release|x64
		{9D7D815E-1609-492E-90A2-306D20489258}.Windows 10|x64.Build.0 = Release|x64
		{9D7D815E-1609-492E-90A2-306D20489258}.Windows 10|x64.Deploy.0 = Release|x64
		{9D7D815E-1609-492E-90A2-306D20489258}.Windows 10|x86.ActiveCfg = Release|x86
		{9D7D815E-1609-492E-90A2-306D20489258}.Windows 10|x86.Build.0 = Release|x86
		{9D7D815E-1609-492E-90A2-306D20489258}.Windows 10|x86.Deploy.0 = Release|x86
		{9D7D815E-1609-492E-90A2-306D20489258}.XCLOUD|Any CPU.ActiveCfg = Release|Any CPU
		{9D7D815E-1609-492E-90A2-306D20489258}.XCLOUD|Any CPU.Build.0 = Release|Any CPU
		{9D7D815E-1609-492E-90A2-306D20489258}.XCLOUD|Any CPU.Deploy.0 = Release|Any CPU
		{9D7D815E-1609-492E-90A2-306D20489258}.XCLOUD|ARM.ActiveCfg = Release|ARM
		{9D7D815E-1609-492E-90A2-306D20489258}.XCLOUD|ARM.Build.0 = Release|ARM
		{9D7D815E-1609-492E-90A2-306D20489258}.XCLOUD|ARM.Deploy.0 = Release|ARM
		{9D7D815E-1609-492E-90A2-306D20489258}.XCLOUD|ARM64.ActiveCfg = Release|ARM64
		{9D7D815E-1609-492E-90A2-306D20489258}.XCLOUD|ARM64.Build.0 = Release|ARM64
		{9D7D815E-1609-492E-90A2-306D20489258}.XCLOUD|ARM64.Deploy.0 = Release|ARM64
		{9D7D815E-1609-492E-90A2-306D20489258}.XCLOUD|x64.ActiveCfg = Release|x64
		{9D7D815E-1609-492E-90A2-306D20489258}.XCLOUD|x64.Build.0 = Release|x64
		{9D7D815E-1609-492E-90A2-306D20489258}.XCLOUD|x64.Deploy.0 = Release|x64
		{9D7D815E-1609-492E-90A2-306D20489258}.XCLOUD|x86.ActiveCfg = Release|x86
		{9D7D815E-1609-492E-90A2-306D20489258}.XCLOUD|x86.Build.0 = Release|x86
		{9D7D815E-1609-492E-90A2-306D20489258}.XCLOUD|x86.Deploy.0 = Release|x86
		{A0007A4F-8B03-4EFF-8C98-7A73C55DD397}.Debug|Any CPU.ActiveCfg = Debug|Any CPU
		{A0007A4F-8B03-4EFF-8C98-7A73C55DD397}.Debug|Any CPU.Build.0 = Debug|Any CPU
		{A0007A4F-8B03-4EFF-8C98-7A73C55DD397}.Debug|ARM.ActiveCfg = Debug|Any CPU
		{A0007A4F-8B03-4EFF-8C98-7A73C55DD397}.Debug|ARM.Build.0 = Debug|Any CPU
		{A0007A4F-8B03-4EFF-8C98-7A73C55DD397}.Debug|ARM64.ActiveCfg = Debug|Any CPU
		{A0007A4F-8B03-4EFF-8C98-7A73C55DD397}.Debug|ARM64.Build.0 = Debug|Any CPU
		{A0007A4F-8B03-4EFF-8C98-7A73C55DD397}.Debug|x64.ActiveCfg = Debug|Any CPU
		{A0007A4F-8B03-4EFF-8C98-7A73C55DD397}.Debug|x64.Build.0 = Debug|Any CPU
		{A0007A4F-8B03-4EFF-8C98-7A73C55DD397}.Debug|x86.ActiveCfg = Debug|Any CPU
		{A0007A4F-8B03-4EFF-8C98-7A73C55DD397}.Debug|x86.Build.0 = Debug|Any CPU
		{A0007A4F-8B03-4EFF-8C98-7A73C55DD397}.Release|Any CPU.ActiveCfg = Release|Any CPU
		{A0007A4F-8B03-4EFF-8C98-7A73C55DD397}.Release|Any CPU.Build.0 = Release|Any CPU
		{A0007A4F-8B03-4EFF-8C98-7A73C55DD397}.Release|ARM.ActiveCfg = Release|Any CPU
		{A0007A4F-8B03-4EFF-8C98-7A73C55DD397}.Release|ARM64.ActiveCfg = Release|Any CPU
		{A0007A4F-8B03-4EFF-8C98-7A73C55DD397}.Release|x64.ActiveCfg = Release|Any CPU
		{A0007A4F-8B03-4EFF-8C98-7A73C55DD397}.Release|x64.Build.0 = Release|Any CPU
		{A0007A4F-8B03-4EFF-8C98-7A73C55DD397}.Release|x86.ActiveCfg = Release|Any CPU
		{A0007A4F-8B03-4EFF-8C98-7A73C55DD397}.Release|x86.Build.0 = Release|Any CPU
		{A0007A4F-8B03-4EFF-8C98-7A73C55DD397}.SAFEBIT|Any CPU.ActiveCfg = Debug|Any CPU
		{A0007A4F-8B03-4EFF-8C98-7A73C55DD397}.SAFEBIT|Any CPU.Build.0 = Debug|Any CPU
		{A0007A4F-8B03-4EFF-8C98-7A73C55DD397}.SAFEBIT|ARM.ActiveCfg = Debug|Any CPU
		{A0007A4F-8B03-4EFF-8C98-7A73C55DD397}.SAFEBIT|ARM.Build.0 = Debug|Any CPU
		{A0007A4F-8B03-4EFF-8C98-7A73C55DD397}.SAFEBIT|ARM64.ActiveCfg = Debug|Any CPU
		{A0007A4F-8B03-4EFF-8C98-7A73C55DD397}.SAFEBIT|ARM64.Build.0 = Debug|Any CPU
		{A0007A4F-8B03-4EFF-8C98-7A73C55DD397}.SAFEBIT|x64.ActiveCfg = Debug|Any CPU
		{A0007A4F-8B03-4EFF-8C98-7A73C55DD397}.SAFEBIT|x64.Build.0 = Debug|Any CPU
		{A0007A4F-8B03-4EFF-8C98-7A73C55DD397}.SAFEBIT|x86.ActiveCfg = Debug|Any CPU
		{A0007A4F-8B03-4EFF-8C98-7A73C55DD397}.SAFEBIT|x86.Build.0 = Debug|Any CPU
		{A0007A4F-8B03-4EFF-8C98-7A73C55DD397}.VoiceX|Any CPU.ActiveCfg = VoiceX|Any CPU
		{A0007A4F-8B03-4EFF-8C98-7A73C55DD397}.VoiceX|Any CPU.Build.0 = VoiceX|Any CPU
		{A0007A4F-8B03-4EFF-8C98-7A73C55DD397}.VoiceX|ARM.ActiveCfg = VoiceX|Any CPU
		{A0007A4F-8B03-4EFF-8C98-7A73C55DD397}.VoiceX|ARM.Build.0 = VoiceX|Any CPU
		{A0007A4F-8B03-4EFF-8C98-7A73C55DD397}.VoiceX|ARM64.ActiveCfg = VoiceX|Any CPU
		{A0007A4F-8B03-4EFF-8C98-7A73C55DD397}.VoiceX|ARM64.Build.0 = VoiceX|Any CPU
		{A0007A4F-8B03-4EFF-8C98-7A73C55DD397}.VoiceX|x64.ActiveCfg = VoiceX|Any CPU
		{A0007A4F-8B03-4EFF-8C98-7A73C55DD397}.VoiceX|x64.Build.0 = VoiceX|Any CPU
		{A0007A4F-8B03-4EFF-8C98-7A73C55DD397}.VoiceX|x86.ActiveCfg = VoiceX|x86
		{A0007A4F-8B03-4EFF-8C98-7A73C55DD397}.VoiceX|x86.Build.0 = VoiceX|x86
		{A0007A4F-8B03-4EFF-8C98-7A73C55DD397}.Windows 10|Any CPU.ActiveCfg = Debug|Any CPU
		{A0007A4F-8B03-4EFF-8C98-7A73C55DD397}.Windows 10|Any CPU.Build.0 = Debug|Any CPU
		{A0007A4F-8B03-4EFF-8C98-7A73C55DD397}.Windows 10|ARM.ActiveCfg = Debug|Any CPU
		{A0007A4F-8B03-4EFF-8C98-7A73C55DD397}.Windows 10|ARM.Build.0 = Debug|Any CPU
		{A0007A4F-8B03-4EFF-8C98-7A73C55DD397}.Windows 10|ARM64.ActiveCfg = Debug|Any CPU
		{A0007A4F-8B03-4EFF-8C98-7A73C55DD397}.Windows 10|ARM64.Build.0 = Debug|Any CPU
		{A0007A4F-8B03-4EFF-8C98-7A73C55DD397}.Windows 10|x64.ActiveCfg = Debug|Any CPU
		{A0007A4F-8B03-4EFF-8C98-7A73C55DD397}.Windows 10|x64.Build.0 = Debug|Any CPU
		{A0007A4F-8B03-4EFF-8C98-7A73C55DD397}.Windows 10|x86.ActiveCfg = Debug|Any CPU
		{A0007A4F-8B03-4EFF-8C98-7A73C55DD397}.Windows 10|x86.Build.0 = Debug|Any CPU
		{A0007A4F-8B03-4EFF-8C98-7A73C55DD397}.XCLOUD|Any CPU.ActiveCfg = Debug|Any CPU
		{A0007A4F-8B03-4EFF-8C98-7A73C55DD397}.XCLOUD|Any CPU.Build.0 = Debug|Any CPU
		{A0007A4F-8B03-4EFF-8C98-7A73C55DD397}.XCLOUD|ARM.ActiveCfg = Debug|Any CPU
		{A0007A4F-8B03-4EFF-8C98-7A73C55DD397}.XCLOUD|ARM.Build.0 = Debug|Any CPU
		{A0007A4F-8B03-4EFF-8C98-7A73C55DD397}.XCLOUD|ARM64.ActiveCfg = Debug|Any CPU
		{A0007A4F-8B03-4EFF-8C98-7A73C55DD397}.XCLOUD|ARM64.Build.0 = Debug|Any CPU
		{A0007A4F-8B03-4EFF-8C98-7A73C55DD397}.XCLOUD|x64.ActiveCfg = Debug|Any CPU
		{A0007A4F-8B03-4EFF-8C98-7A73C55DD397}.XCLOUD|x64.Build.0 = Debug|Any CPU
		{A0007A4F-8B03-4EFF-8C98-7A73C55DD397}.XCLOUD|x86.ActiveCfg = Debug|Any CPU
		{A0007A4F-8B03-4EFF-8C98-7A73C55DD397}.XCLOUD|x86.Build.0 = Debug|Any CPU
		{1EAD8E9A-A123-4C37-B31E-AEE1354DF003}.Debug|Any CPU.ActiveCfg = Debug|Any CPU
		{1EAD8E9A-A123-4C37-B31E-AEE1354DF003}.Debug|Any CPU.Build.0 = Debug|Any CPU
		{1EAD8E9A-A123-4C37-B31E-AEE1354DF003}.Debug|ARM.ActiveCfg = Debug|Any CPU
		{1EAD8E9A-A123-4C37-B31E-AEE1354DF003}.Debug|ARM.Build.0 = Debug|Any CPU
		{1EAD8E9A-A123-4C37-B31E-AEE1354DF003}.Debug|ARM64.ActiveCfg = Debug|Any CPU
		{1EAD8E9A-A123-4C37-B31E-AEE1354DF003}.Debug|ARM64.Build.0 = Debug|Any CPU
		{1EAD8E9A-A123-4C37-B31E-AEE1354DF003}.Debug|x64.ActiveCfg = Debug|Any CPU
		{1EAD8E9A-A123-4C37-B31E-AEE1354DF003}.Debug|x64.Build.0 = Debug|Any CPU
		{1EAD8E9A-A123-4C37-B31E-AEE1354DF003}.Debug|x86.ActiveCfg = Debug|Any CPU
		{1EAD8E9A-A123-4C37-B31E-AEE1354DF003}.Debug|x86.Build.0 = Debug|Any CPU
		{1EAD8E9A-A123-4C37-B31E-AEE1354DF003}.Release|Any CPU.ActiveCfg = Release|Any CPU
		{1EAD8E9A-A123-4C37-B31E-AEE1354DF003}.Release|Any CPU.Build.0 = Release|Any CPU
		{1EAD8E9A-A123-4C37-B31E-AEE1354DF003}.Release|ARM.ActiveCfg = Release|Any CPU
		{1EAD8E9A-A123-4C37-B31E-AEE1354DF003}.Release|ARM64.ActiveCfg = Release|Any CPU
		{1EAD8E9A-A123-4C37-B31E-AEE1354DF003}.Release|x64.ActiveCfg = Release|Any CPU
		{1EAD8E9A-A123-4C37-B31E-AEE1354DF003}.Release|x64.Build.0 = Release|Any CPU
		{1EAD8E9A-A123-4C37-B31E-AEE1354DF003}.Release|x86.ActiveCfg = Release|Any CPU
		{1EAD8E9A-A123-4C37-B31E-AEE1354DF003}.Release|x86.Build.0 = Release|Any CPU
		{1EAD8E9A-A123-4C37-B31E-AEE1354DF003}.SAFEBIT|Any CPU.ActiveCfg = Debug|Any CPU
		{1EAD8E9A-A123-4C37-B31E-AEE1354DF003}.SAFEBIT|Any CPU.Build.0 = Debug|Any CPU
		{1EAD8E9A-A123-4C37-B31E-AEE1354DF003}.SAFEBIT|ARM.ActiveCfg = Debug|Any CPU
		{1EAD8E9A-A123-4C37-B31E-AEE1354DF003}.SAFEBIT|ARM.Build.0 = Debug|Any CPU
		{1EAD8E9A-A123-4C37-B31E-AEE1354DF003}.SAFEBIT|ARM64.ActiveCfg = Debug|Any CPU
		{1EAD8E9A-A123-4C37-B31E-AEE1354DF003}.SAFEBIT|ARM64.Build.0 = Debug|Any CPU
		{1EAD8E9A-A123-4C37-B31E-AEE1354DF003}.SAFEBIT|x64.ActiveCfg = Debug|x64
		{1EAD8E9A-A123-4C37-B31E-AEE1354DF003}.SAFEBIT|x64.Build.0 = Debug|x64
		{1EAD8E9A-A123-4C37-B31E-AEE1354DF003}.SAFEBIT|x86.ActiveCfg = Debug|x86
		{1EAD8E9A-A123-4C37-B31E-AEE1354DF003}.SAFEBIT|x86.Build.0 = Debug|x86
		{1EAD8E9A-A123-4C37-B31E-AEE1354DF003}.VoiceX|Any CPU.ActiveCfg = Debug|Any CPU
		{1EAD8E9A-A123-4C37-B31E-AEE1354DF003}.VoiceX|Any CPU.Build.0 = Debug|Any CPU
		{1EAD8E9A-A123-4C37-B31E-AEE1354DF003}.VoiceX|ARM.ActiveCfg = Debug|Any CPU
		{1EAD8E9A-A123-4C37-B31E-AEE1354DF003}.VoiceX|ARM.Build.0 = Debug|Any CPU
		{1EAD8E9A-A123-4C37-B31E-AEE1354DF003}.VoiceX|ARM64.ActiveCfg = Debug|Any CPU
		{1EAD8E9A-A123-4C37-B31E-AEE1354DF003}.VoiceX|ARM64.Build.0 = Debug|Any CPU
		{1EAD8E9A-A123-4C37-B31E-AEE1354DF003}.VoiceX|x64.ActiveCfg = Debug|Any CPU
		{1EAD8E9A-A123-4C37-B31E-AEE1354DF003}.VoiceX|x64.Build.0 = Debug|Any CPU
		{1EAD8E9A-A123-4C37-B31E-AEE1354DF003}.VoiceX|x86.ActiveCfg = Debug|x86
		{1EAD8E9A-A123-4C37-B31E-AEE1354DF003}.VoiceX|x86.Build.0 = Debug|x86
		{1EAD8E9A-A123-4C37-B31E-AEE1354DF003}.Windows 10|Any CPU.ActiveCfg = Debug|Any CPU
		{1EAD8E9A-A123-4C37-B31E-AEE1354DF003}.Windows 10|Any CPU.Build.0 = Debug|Any CPU
		{1EAD8E9A-A123-4C37-B31E-AEE1354DF003}.Windows 10|ARM.ActiveCfg = Debug|Any CPU
		{1EAD8E9A-A123-4C37-B31E-AEE1354DF003}.Windows 10|ARM.Build.0 = Debug|Any CPU
		{1EAD8E9A-A123-4C37-B31E-AEE1354DF003}.Windows 10|ARM64.ActiveCfg = Debug|Any CPU
		{1EAD8E9A-A123-4C37-B31E-AEE1354DF003}.Windows 10|ARM64.Build.0 = Debug|Any CPU
		{1EAD8E9A-A123-4C37-B31E-AEE1354DF003}.Windows 10|x64.ActiveCfg = Debug|x64
		{1EAD8E9A-A123-4C37-B31E-AEE1354DF003}.Windows 10|x64.Build.0 = Debug|x64
		{1EAD8E9A-A123-4C37-B31E-AEE1354DF003}.Windows 10|x86.ActiveCfg = Debug|x86
		{1EAD8E9A-A123-4C37-B31E-AEE1354DF003}.Windows 10|x86.Build.0 = Debug|x86
		{1EAD8E9A-A123-4C37-B31E-AEE1354DF003}.XCLOUD|Any CPU.ActiveCfg = Debug|Any CPU
		{1EAD8E9A-A123-4C37-B31E-AEE1354DF003}.XCLOUD|Any CPU.Build.0 = Debug|Any CPU
		{1EAD8E9A-A123-4C37-B31E-AEE1354DF003}.XCLOUD|ARM.ActiveCfg = Debug|Any CPU
		{1EAD8E9A-A123-4C37-B31E-AEE1354DF003}.XCLOUD|ARM.Build.0 = Debug|Any CPU
		{1EAD8E9A-A123-4C37-B31E-AEE1354DF003}.XCLOUD|ARM64.ActiveCfg = Debug|Any CPU
		{1EAD8E9A-A123-4C37-B31E-AEE1354DF003}.XCLOUD|ARM64.Build.0 = Debug|Any CPU
		{1EAD8E9A-A123-4C37-B31E-AEE1354DF003}.XCLOUD|x64.ActiveCfg = Debug|x64
		{1EAD8E9A-A123-4C37-B31E-AEE1354DF003}.XCLOUD|x64.Build.0 = Debug|x64
		{1EAD8E9A-A123-4C37-B31E-AEE1354DF003}.XCLOUD|x86.ActiveCfg = Debug|x86
		{1EAD8E9A-A123-4C37-B31E-AEE1354DF003}.XCLOUD|x86.Build.0 = Debug|x86
		{35FE0746-BB53-47D7-95F2-385B3EFBA238}.Debug|Any CPU.ActiveCfg = Debug|x86
		{35FE0746-BB53-47D7-95F2-385B3EFBA238}.Debug|Any CPU.Build.0 = Debug|x86
		{35FE0746-BB53-47D7-95F2-385B3EFBA238}.Debug|ARM.ActiveCfg = Debug|ARM
		{35FE0746-BB53-47D7-95F2-385B3EFBA238}.Debug|ARM.Build.0 = Debug|ARM
		{35FE0746-BB53-47D7-95F2-385B3EFBA238}.Debug|ARM64.ActiveCfg = Debug|ARM64
		{35FE0746-BB53-47D7-95F2-385B3EFBA238}.Debug|ARM64.Build.0 = Debug|ARM64
		{35FE0746-BB53-47D7-95F2-385B3EFBA238}.Debug|x64.ActiveCfg = Debug|x64
		{35FE0746-BB53-47D7-95F2-385B3EFBA238}.Debug|x64.Build.0 = Debug|x64
		{35FE0746-BB53-47D7-95F2-385B3EFBA238}.Debug|x86.ActiveCfg = Debug|x86
		{35FE0746-BB53-47D7-95F2-385B3EFBA238}.Debug|x86.Build.0 = Debug|x86
		{35FE0746-BB53-47D7-95F2-385B3EFBA238}.Release|Any CPU.ActiveCfg = Release|Any CPU
		{35FE0746-BB53-47D7-95F2-385B3EFBA238}.Release|Any CPU.Build.0 = Release|Any CPU
		{35FE0746-BB53-47D7-95F2-385B3EFBA238}.Release|ARM.ActiveCfg = Release|ARM
		{35FE0746-BB53-47D7-95F2-385B3EFBA238}.Release|ARM.Build.0 = Release|ARM
		{35FE0746-BB53-47D7-95F2-385B3EFBA238}.Release|ARM64.ActiveCfg = Release|ARM64
		{35FE0746-BB53-47D7-95F2-385B3EFBA238}.Release|ARM64.Build.0 = Release|ARM64
		{35FE0746-BB53-47D7-95F2-385B3EFBA238}.Release|x64.ActiveCfg = Release|x64
		{35FE0746-BB53-47D7-95F2-385B3EFBA238}.Release|x64.Build.0 = Release|x64
		{35FE0746-BB53-47D7-95F2-385B3EFBA238}.Release|x86.ActiveCfg = Release|x86
		{35FE0746-BB53-47D7-95F2-385B3EFBA238}.Release|x86.Build.0 = Release|x86
		{35FE0746-BB53-47D7-95F2-385B3EFBA238}.SAFEBIT|Any CPU.ActiveCfg = Debug|Any CPU
		{35FE0746-BB53-47D7-95F2-385B3EFBA238}.SAFEBIT|Any CPU.Build.0 = Debug|Any CPU
		{35FE0746-BB53-47D7-95F2-385B3EFBA238}.SAFEBIT|ARM.ActiveCfg = Debug|ARM
		{35FE0746-BB53-47D7-95F2-385B3EFBA238}.SAFEBIT|ARM.Build.0 = Debug|ARM
		{35FE0746-BB53-47D7-95F2-385B3EFBA238}.SAFEBIT|ARM64.ActiveCfg = Debug|ARM64
		{35FE0746-BB53-47D7-95F2-385B3EFBA238}.SAFEBIT|ARM64.Build.0 = Debug|ARM64
		{35FE0746-BB53-47D7-95F2-385B3EFBA238}.SAFEBIT|x64.ActiveCfg = Debug|x64
		{35FE0746-BB53-47D7-95F2-385B3EFBA238}.SAFEBIT|x64.Build.0 = Debug|x64
		{35FE0746-BB53-47D7-95F2-385B3EFBA238}.SAFEBIT|x86.ActiveCfg = Debug|x86
		{35FE0746-BB53-47D7-95F2-385B3EFBA238}.SAFEBIT|x86.Build.0 = Debug|x86
		{35FE0746-BB53-47D7-95F2-385B3EFBA238}.VoiceX|Any CPU.ActiveCfg = Debug|Any CPU
		{35FE0746-BB53-47D7-95F2-385B3EFBA238}.VoiceX|Any CPU.Build.0 = Debug|Any CPU
		{35FE0746-BB53-47D7-95F2-385B3EFBA238}.VoiceX|ARM.ActiveCfg = Debug|ARM
		{35FE0746-BB53-47D7-95F2-385B3EFBA238}.VoiceX|ARM.Build.0 = Debug|ARM
		{35FE0746-BB53-47D7-95F2-385B3EFBA238}.VoiceX|ARM64.ActiveCfg = Debug|ARM64
		{35FE0746-BB53-47D7-95F2-385B3EFBA238}.VoiceX|ARM64.Build.0 = Debug|ARM64
		{35FE0746-BB53-47D7-95F2-385B3EFBA238}.VoiceX|x64.ActiveCfg = Debug|x64
		{35FE0746-BB53-47D7-95F2-385B3EFBA238}.VoiceX|x64.Build.0 = Debug|x64
		{35FE0746-BB53-47D7-95F2-385B3EFBA238}.VoiceX|x86.ActiveCfg = Debug|x86
		{35FE0746-BB53-47D7-95F2-385B3EFBA238}.VoiceX|x86.Build.0 = Debug|x86
		{35FE0746-BB53-47D7-95F2-385B3EFBA238}.Windows 10|Any CPU.ActiveCfg = Debug|Any CPU
		{35FE0746-BB53-47D7-95F2-385B3EFBA238}.Windows 10|Any CPU.Build.0 = Debug|Any CPU
		{35FE0746-BB53-47D7-95F2-385B3EFBA238}.Windows 10|ARM.ActiveCfg = Debug|ARM
		{35FE0746-BB53-47D7-95F2-385B3EFBA238}.Windows 10|ARM.Build.0 = Debug|ARM
		{35FE0746-BB53-47D7-95F2-385B3EFBA238}.Windows 10|ARM64.ActiveCfg = Debug|ARM64
		{35FE0746-BB53-47D7-95F2-385B3EFBA238}.Windows 10|ARM64.Build.0 = Debug|ARM64
		{35FE0746-BB53-47D7-95F2-385B3EFBA238}.Windows 10|x64.ActiveCfg = Debug|x64
		{35FE0746-BB53-47D7-95F2-385B3EFBA238}.Windows 10|x64.Build.0 = Debug|x64
		{35FE0746-BB53-47D7-95F2-385B3EFBA238}.Windows 10|x86.ActiveCfg = Debug|x86
		{35FE0746-BB53-47D7-95F2-385B3EFBA238}.Windows 10|x86.Build.0 = Debug|x86
		{35FE0746-BB53-47D7-95F2-385B3EFBA238}.XCLOUD|Any CPU.ActiveCfg = Debug|Any CPU
		{35FE0746-BB53-47D7-95F2-385B3EFBA238}.XCLOUD|Any CPU.Build.0 = Debug|Any CPU
		{35FE0746-BB53-47D7-95F2-385B3EFBA238}.XCLOUD|ARM.ActiveCfg = Debug|ARM
		{35FE0746-BB53-47D7-95F2-385B3EFBA238}.XCLOUD|ARM.Build.0 = Debug|ARM
		{35FE0746-BB53-47D7-95F2-385B3EFBA238}.XCLOUD|ARM64.ActiveCfg = Debug|ARM64
		{35FE0746-BB53-47D7-95F2-385B3EFBA238}.XCLOUD|ARM64.Build.0 = Debug|ARM64
		{35FE0746-BB53-47D7-95F2-385B3EFBA238}.XCLOUD|x64.ActiveCfg = Debug|x64
		{35FE0746-BB53-47D7-95F2-385B3EFBA238}.XCLOUD|x64.Build.0 = Debug|x64
		{35FE0746-BB53-47D7-95F2-385B3EFBA238}.XCLOUD|x86.ActiveCfg = Debug|x86
		{35FE0746-BB53-47D7-95F2-385B3EFBA238}.XCLOUD|x86.Build.0 = Debug|x86
		{D59391F8-DBA6-4967-BCB3-559A88D761B9}.Debug|Any CPU.ActiveCfg = Debug|Any CPU
		{D59391F8-DBA6-4967-BCB3-559A88D761B9}.Debug|Any CPU.Build.0 = Debug|Any CPU
		{D59391F8-DBA6-4967-BCB3-559A88D761B9}.Debug|ARM.ActiveCfg = Debug|Any CPU
		{D59391F8-DBA6-4967-BCB3-559A88D761B9}.Debug|ARM.Build.0 = Debug|Any CPU
		{D59391F8-DBA6-4967-BCB3-559A88D761B9}.Debug|ARM64.ActiveCfg = Debug|Any CPU
		{D59391F8-DBA6-4967-BCB3-559A88D761B9}.Debug|ARM64.Build.0 = Debug|Any CPU
		{D59391F8-DBA6-4967-BCB3-559A88D761B9}.Debug|x64.ActiveCfg = Debug|Any CPU
		{D59391F8-DBA6-4967-BCB3-559A88D761B9}.Debug|x64.Build.0 = Debug|Any CPU
		{D59391F8-DBA6-4967-BCB3-559A88D761B9}.Debug|x86.ActiveCfg = Debug|Any CPU
		{D59391F8-DBA6-4967-BCB3-559A88D761B9}.Debug|x86.Build.0 = Debug|Any CPU
		{D59391F8-DBA6-4967-BCB3-559A88D761B9}.Release|Any CPU.ActiveCfg = Release|Any CPU
		{D59391F8-DBA6-4967-BCB3-559A88D761B9}.Release|Any CPU.Build.0 = Release|Any CPU
		{D59391F8-DBA6-4967-BCB3-559A88D761B9}.Release|ARM.ActiveCfg = Release|Any CPU
		{D59391F8-DBA6-4967-BCB3-559A88D761B9}.Release|ARM.Build.0 = Release|Any CPU
		{D59391F8-DBA6-4967-BCB3-559A88D761B9}.Release|ARM64.ActiveCfg = Release|Any CPU
		{D59391F8-DBA6-4967-BCB3-559A88D761B9}.Release|ARM64.Build.0 = Release|Any CPU
		{D59391F8-DBA6-4967-BCB3-559A88D761B9}.Release|x64.ActiveCfg = Release|Any CPU
		{D59391F8-DBA6-4967-BCB3-559A88D761B9}.Release|x64.Build.0 = Release|Any CPU
		{D59391F8-DBA6-4967-BCB3-559A88D761B9}.Release|x86.ActiveCfg = Release|Any CPU
		{D59391F8-DBA6-4967-BCB3-559A88D761B9}.Release|x86.Build.0 = Release|Any CPU
		{D59391F8-DBA6-4967-BCB3-559A88D761B9}.SAFEBIT|Any CPU.ActiveCfg = Debug|Any CPU
		{D59391F8-DBA6-4967-BCB3-559A88D761B9}.SAFEBIT|Any CPU.Build.0 = Debug|Any CPU
		{D59391F8-DBA6-4967-BCB3-559A88D761B9}.SAFEBIT|ARM.ActiveCfg = Debug|Any CPU
		{D59391F8-DBA6-4967-BCB3-559A88D761B9}.SAFEBIT|ARM.Build.0 = Debug|Any CPU
		{D59391F8-DBA6-4967-BCB3-559A88D761B9}.SAFEBIT|ARM64.ActiveCfg = Debug|Any CPU
		{D59391F8-DBA6-4967-BCB3-559A88D761B9}.SAFEBIT|ARM64.Build.0 = Debug|Any CPU
		{D59391F8-DBA6-4967-BCB3-559A88D761B9}.SAFEBIT|x64.ActiveCfg = Debug|Any CPU
		{D59391F8-DBA6-4967-BCB3-559A88D761B9}.SAFEBIT|x64.Build.0 = Debug|Any CPU
		{D59391F8-DBA6-4967-BCB3-559A88D761B9}.SAFEBIT|x86.ActiveCfg = Debug|Any CPU
		{D59391F8-DBA6-4967-BCB3-559A88D761B9}.SAFEBIT|x86.Build.0 = Debug|Any CPU
		{D59391F8-DBA6-4967-BCB3-559A88D761B9}.VoiceX|Any CPU.ActiveCfg = Debug|Any CPU
		{D59391F8-DBA6-4967-BCB3-559A88D761B9}.VoiceX|Any CPU.Build.0 = Debug|Any CPU
		{D59391F8-DBA6-4967-BCB3-559A88D761B9}.VoiceX|ARM.ActiveCfg = Debug|Any CPU
		{D59391F8-DBA6-4967-BCB3-559A88D761B9}.VoiceX|ARM.Build.0 = Debug|Any CPU
		{D59391F8-DBA6-4967-BCB3-559A88D761B9}.VoiceX|ARM64.ActiveCfg = Debug|Any CPU
		{D59391F8-DBA6-4967-BCB3-559A88D761B9}.VoiceX|ARM64.Build.0 = Debug|Any CPU
		{D59391F8-DBA6-4967-BCB3-559A88D761B9}.VoiceX|x64.ActiveCfg = Debug|Any CPU
		{D59391F8-DBA6-4967-BCB3-559A88D761B9}.VoiceX|x64.Build.0 = Debug|Any CPU
		{D59391F8-DBA6-4967-BCB3-559A88D761B9}.VoiceX|x86.ActiveCfg = Debug|Any CPU
		{D59391F8-DBA6-4967-BCB3-559A88D761B9}.VoiceX|x86.Build.0 = Debug|Any CPU
		{D59391F8-DBA6-4967-BCB3-559A88D761B9}.Windows 10|Any CPU.ActiveCfg = Debug|Any CPU
		{D59391F8-DBA6-4967-BCB3-559A88D761B9}.Windows 10|Any CPU.Build.0 = Debug|Any CPU
		{D59391F8-DBA6-4967-BCB3-559A88D761B9}.Windows 10|ARM.ActiveCfg = Debug|Any CPU
		{D59391F8-DBA6-4967-BCB3-559A88D761B9}.Windows 10|ARM.Build.0 = Debug|Any CPU
		{D59391F8-DBA6-4967-BCB3-559A88D761B9}.Windows 10|ARM64.ActiveCfg = Debug|Any CPU
		{D59391F8-DBA6-4967-BCB3-559A88D761B9}.Windows 10|ARM64.Build.0 = Debug|Any CPU
		{D59391F8-DBA6-4967-BCB3-559A88D761B9}.Windows 10|x64.ActiveCfg = Debug|Any CPU
		{D59391F8-DBA6-4967-BCB3-559A88D761B9}.Windows 10|x64.Build.0 = Debug|Any CPU
		{D59391F8-DBA6-4967-BCB3-559A88D761B9}.Windows 10|x86.ActiveCfg = Debug|Any CPU
		{D59391F8-DBA6-4967-BCB3-559A88D761B9}.Windows 10|x86.Build.0 = Debug|Any CPU
		{D59391F8-DBA6-4967-BCB3-559A88D761B9}.XCLOUD|Any CPU.ActiveCfg = Debug|Any CPU
		{D59391F8-DBA6-4967-BCB3-559A88D761B9}.XCLOUD|Any CPU.Build.0 = Debug|Any CPU
		{D59391F8-DBA6-4967-BCB3-559A88D761B9}.XCLOUD|ARM.ActiveCfg = Debug|Any CPU
		{D59391F8-DBA6-4967-BCB3-559A88D761B9}.XCLOUD|ARM.Build.0 = Debug|Any CPU
		{D59391F8-DBA6-4967-BCB3-559A88D761B9}.XCLOUD|ARM64.ActiveCfg = Debug|Any CPU
		{D59391F8-DBA6-4967-BCB3-559A88D761B9}.XCLOUD|ARM64.Build.0 = Debug|Any CPU
		{D59391F8-DBA6-4967-BCB3-559A88D761B9}.XCLOUD|x64.ActiveCfg = Debug|Any CPU
		{D59391F8-DBA6-4967-BCB3-559A88D761B9}.XCLOUD|x64.Build.0 = Debug|Any CPU
		{D59391F8-DBA6-4967-BCB3-559A88D761B9}.XCLOUD|x86.ActiveCfg = Debug|Any CPU
		{D59391F8-DBA6-4967-BCB3-559A88D761B9}.XCLOUD|x86.Build.0 = Debug|Any CPU
		{C6249764-3BC3-42C6-9DE7-A8FD8ACD2014}.Debug|Any CPU.ActiveCfg = Debug|Any CPU
		{C6249764-3BC3-42C6-9DE7-A8FD8ACD2014}.Debug|Any CPU.Build.0 = Debug|Any CPU
		{C6249764-3BC3-42C6-9DE7-A8FD8ACD2014}.Debug|ARM.ActiveCfg = Debug|Any CPU
		{C6249764-3BC3-42C6-9DE7-A8FD8ACD2014}.Debug|ARM.Build.0 = Debug|Any CPU
		{C6249764-3BC3-42C6-9DE7-A8FD8ACD2014}.Debug|ARM64.ActiveCfg = Debug|Any CPU
		{C6249764-3BC3-42C6-9DE7-A8FD8ACD2014}.Debug|ARM64.Build.0 = Debug|Any CPU
		{C6249764-3BC3-42C6-9DE7-A8FD8ACD2014}.Debug|x64.ActiveCfg = Debug|Any CPU
		{C6249764-3BC3-42C6-9DE7-A8FD8ACD2014}.Debug|x64.Build.0 = Debug|Any CPU
		{C6249764-3BC3-42C6-9DE7-A8FD8ACD2014}.Debug|x86.ActiveCfg = Debug|Any CPU
		{C6249764-3BC3-42C6-9DE7-A8FD8ACD2014}.Debug|x86.Build.0 = Debug|Any CPU
		{C6249764-3BC3-42C6-9DE7-A8FD8ACD2014}.Release|Any CPU.ActiveCfg = Release|Any CPU
		{C6249764-3BC3-42C6-9DE7-A8FD8ACD2014}.Release|Any CPU.Build.0 = Release|Any CPU
		{C6249764-3BC3-42C6-9DE7-A8FD8ACD2014}.Release|ARM.ActiveCfg = Release|Any CPU
		{C6249764-3BC3-42C6-9DE7-A8FD8ACD2014}.Release|ARM.Build.0 = Release|Any CPU
		{C6249764-3BC3-42C6-9DE7-A8FD8ACD2014}.Release|ARM64.ActiveCfg = Release|Any CPU
		{C6249764-3BC3-42C6-9DE7-A8FD8ACD2014}.Release|ARM64.Build.0 = Release|Any CPU
		{C6249764-3BC3-42C6-9DE7-A8FD8ACD2014}.Release|x64.ActiveCfg = Release|Any CPU
		{C6249764-3BC3-42C6-9DE7-A8FD8ACD2014}.Release|x64.Build.0 = Release|Any CPU
		{C6249764-3BC3-42C6-9DE7-A8FD8ACD2014}.Release|x86.ActiveCfg = Release|Any CPU
		{C6249764-3BC3-42C6-9DE7-A8FD8ACD2014}.Release|x86.Build.0 = Release|Any CPU
		{C6249764-3BC3-42C6-9DE7-A8FD8ACD2014}.SAFEBIT|Any CPU.ActiveCfg = Debug|Any CPU
		{C6249764-3BC3-42C6-9DE7-A8FD8ACD2014}.SAFEBIT|Any CPU.Build.0 = Debug|Any CPU
		{C6249764-3BC3-42C6-9DE7-A8FD8ACD2014}.SAFEBIT|ARM.ActiveCfg = Debug|Any CPU
		{C6249764-3BC3-42C6-9DE7-A8FD8ACD2014}.SAFEBIT|ARM.Build.0 = Debug|Any CPU
		{C6249764-3BC3-42C6-9DE7-A8FD8ACD2014}.SAFEBIT|ARM64.ActiveCfg = Debug|Any CPU
		{C6249764-3BC3-42C6-9DE7-A8FD8ACD2014}.SAFEBIT|ARM64.Build.0 = Debug|Any CPU
		{C6249764-3BC3-42C6-9DE7-A8FD8ACD2014}.SAFEBIT|x64.ActiveCfg = Debug|Any CPU
		{C6249764-3BC3-42C6-9DE7-A8FD8ACD2014}.SAFEBIT|x64.Build.0 = Debug|Any CPU
		{C6249764-3BC3-42C6-9DE7-A8FD8ACD2014}.SAFEBIT|x86.ActiveCfg = Debug|Any CPU
		{C6249764-3BC3-42C6-9DE7-A8FD8ACD2014}.SAFEBIT|x86.Build.0 = Debug|Any CPU
		{C6249764-3BC3-42C6-9DE7-A8FD8ACD2014}.VoiceX|Any CPU.ActiveCfg = Debug|Any CPU
		{C6249764-3BC3-42C6-9DE7-A8FD8ACD2014}.VoiceX|Any CPU.Build.0 = Debug|Any CPU
		{C6249764-3BC3-42C6-9DE7-A8FD8ACD2014}.VoiceX|ARM.ActiveCfg = Debug|Any CPU
		{C6249764-3BC3-42C6-9DE7-A8FD8ACD2014}.VoiceX|ARM.Build.0 = Debug|Any CPU
		{C6249764-3BC3-42C6-9DE7-A8FD8ACD2014}.VoiceX|ARM64.ActiveCfg = Debug|Any CPU
		{C6249764-3BC3-42C6-9DE7-A8FD8ACD2014}.VoiceX|ARM64.Build.0 = Debug|Any CPU
		{C6249764-3BC3-42C6-9DE7-A8FD8ACD2014}.VoiceX|x64.ActiveCfg = Debug|Any CPU
		{C6249764-3BC3-42C6-9DE7-A8FD8ACD2014}.VoiceX|x64.Build.0 = Debug|Any CPU
		{C6249764-3BC3-42C6-9DE7-A8FD8ACD2014}.VoiceX|x86.ActiveCfg = Debug|Any CPU
		{C6249764-3BC3-42C6-9DE7-A8FD8ACD2014}.VoiceX|x86.Build.0 = Debug|Any CPU
		{C6249764-3BC3-42C6-9DE7-A8FD8ACD2014}.Windows 10|Any CPU.ActiveCfg = Debug|Any CPU
		{C6249764-3BC3-42C6-9DE7-A8FD8ACD2014}.Windows 10|Any CPU.Build.0 = Debug|Any CPU
		{C6249764-3BC3-42C6-9DE7-A8FD8ACD2014}.Windows 10|ARM.ActiveCfg = Debug|Any CPU
		{C6249764-3BC3-42C6-9DE7-A8FD8ACD2014}.Windows 10|ARM.Build.0 = Debug|Any CPU
		{C6249764-3BC3-42C6-9DE7-A8FD8ACD2014}.Windows 10|ARM64.ActiveCfg = Debug|Any CPU
		{C6249764-3BC3-42C6-9DE7-A8FD8ACD2014}.Windows 10|ARM64.Build.0 = Debug|Any CPU
		{C6249764-3BC3-42C6-9DE7-A8FD8ACD2014}.Windows 10|x64.ActiveCfg = Debug|Any CPU
		{C6249764-3BC3-42C6-9DE7-A8FD8ACD2014}.Windows 10|x64.Build.0 = Debug|Any CPU
		{C6249764-3BC3-42C6-9DE7-A8FD8ACD2014}.Windows 10|x86.ActiveCfg = Debug|Any CPU
		{C6249764-3BC3-42C6-9DE7-A8FD8ACD2014}.Windows 10|x86.Build.0 = Debug|Any CPU
		{C6249764-3BC3-42C6-9DE7-A8FD8ACD2014}.XCLOUD|Any CPU.ActiveCfg = Debug|Any CPU
		{C6249764-3BC3-42C6-9DE7-A8FD8ACD2014}.XCLOUD|Any CPU.Build.0 = Debug|Any CPU
		{C6249764-3BC3-42C6-9DE7-A8FD8ACD2014}.XCLOUD|ARM.ActiveCfg = Debug|Any CPU
		{C6249764-3BC3-42C6-9DE7-A8FD8ACD2014}.XCLOUD|ARM.Build.0 = Debug|Any CPU
		{C6249764-3BC3-42C6-9DE7-A8FD8ACD2014}.XCLOUD|ARM64.ActiveCfg = Debug|Any CPU
		{C6249764-3BC3-42C6-9DE7-A8FD8ACD2014}.XCLOUD|ARM64.Build.0 = Debug|Any CPU
		{C6249764-3BC3-42C6-9DE7-A8FD8ACD2014}.XCLOUD|x64.ActiveCfg = Debug|Any CPU
		{C6249764-3BC3-42C6-9DE7-A8FD8ACD2014}.XCLOUD|x64.Build.0 = Debug|Any CPU
		{C6249764-3BC3-42C6-9DE7-A8FD8ACD2014}.XCLOUD|x86.ActiveCfg = Debug|Any CPU
		{C6249764-3BC3-42C6-9DE7-A8FD8ACD2014}.XCLOUD|x86.Build.0 = Debug|Any CPU
	EndGlobalSection
	GlobalSection(SolutionProperties) = preSolution
		HideSolutionNode = FALSE
	EndGlobalSection
	GlobalSection(ExtensibilityGlobals) = postSolution
		SolutionGuid = {8D2CE85F-9587-49A8-9D8E-7FD28D21BD27}
	EndGlobalSection
EndGlobal
